// !$*UTF8*$!
{
	archiveVersion = 1;
	classes = {
	};
	objectVersion = 77;
	objects = {

/* Begin PBXBuildFile section */
		7612F83D2CD5F26C00107D33 /* FirebaseAnalytics in Frameworks */ = {isa = PBXBuildFile; productRef = 7612F83C2CD5F26C00107D33 /* FirebaseAnalytics */; };
		7612F83F2CD5F26C00107D33 /* FirebaseAnalyticsOnDeviceConversion in Frameworks */ = {isa = PBXBuildFile; productRef = 7612F83E2CD5F26C00107D33 /* FirebaseAnalyticsOnDeviceConversion */; };
		7612F8412CD5F26C00107D33 /* FirebaseAnalyticsWithoutAdIdSupport in Frameworks */ = {isa = PBXBuildFile; productRef = 7612F8402CD5F26C00107D33 /* FirebaseAnalyticsWithoutAdIdSupport */; };
		7612F8432CD5F26C00107D33 /* FirebaseAppCheck in Frameworks */ = {isa = PBXBuildFile; productRef = 7612F8422CD5F26C00107D33 /* FirebaseAppCheck */; };
		7650CCC72CD5EA4900456901 /* GoogleSignIn in Frameworks */ = {isa = PBXBuildFile; productRef = 7650CCC62CD5EA4900456901 /* GoogleSignIn */; };
		7650CCC92CD5EA4900456901 /* GoogleSignInSwift in Frameworks */ = {isa = PBXBuildFile; productRef = 7650CCC82CD5EA4900456901 /* GoogleSignInSwift */; };
		767714A02CD5F90400511327 /* FirebaseAuth in Frameworks */ = {isa = PBXBuildFile; productRef = 7677149F2CD5F90400511327 /* FirebaseAuth */; };
		767715BA2CD89AE000511327 /* FirebaseFirestore in Frameworks */ = {isa = PBXBuildFile; productRef = 767715B92CD89AE000511327 /* FirebaseFirestore */; };
/* End PBXBuildFile section */

/* Begin PBXContainerItemProxy section */
		76612B712CC8630D00457A97 /* PBXContainerItemProxy */ = {
			isa = PBXContainerItemProxy;
			containerPortal = 76612B552CC8630C00457A97 /* Project object */;
			proxyType = 1;
			remoteGlobalIDString = 76612B5C2CC8630C00457A97;
			remoteInfo = GG;
		};
		76612B7B2CC8630D00457A97 /* PBXContainerItemProxy */ = {
			isa = PBXContainerItemProxy;
			containerPortal = 76612B552CC8630C00457A97 /* Project object */;
			proxyType = 1;
			remoteGlobalIDString = 76612B5C2CC8630C00457A97;
			remoteInfo = GG;
		};
/* End PBXContainerItemProxy section */

/* Begin PBXFileReference section */
		76612B5D2CC8630C00457A97 /* GG.app */ = {isa = PBXFileReference; explicitFileType = wrapper.application; includeInIndex = 0; path = GG.app; sourceTree = BUILT_PRODUCTS_DIR; };
		76612B702CC8630D00457A97 /* GGTests.xctest */ = {isa = PBXFileReference; explicitFileType = wrapper.cfbundle; includeInIndex = 0; path = GGTests.xctest; sourceTree = BUILT_PRODUCTS_DIR; };
		76612B7A2CC8630D00457A97 /* GGUITests.xctest */ = {isa = PBXFileReference; explicitFileType = wrapper.cfbundle; includeInIndex = 0; path = GGUITests.xctest; sourceTree = BUILT_PRODUCTS_DIR; };
/* End PBXFileReference section */

/* Begin PBXFileSystemSynchronizedBuildFileExceptionSet section */
		76612B922CC8638B00457A97 /* Exceptions for "GG" folder in "GGTests" target */ = {
			isa = PBXFileSystemSynchronizedBuildFileExceptionSet;
			membershipExceptions = (
				Game/Model/GGUnit.swift,
			);
			target = 76612B6F2CC8630D00457A97 /* GGTests */;
		};
		76877EF32CD2E5C1005EC4A1 /* Exceptions for "GG" folder in "GG" target */ = {
			isa = PBXFileSystemSynchronizedBuildFileExceptionSet;
			membershipExceptions = (
				Info.plist,
			);
			target = 76612B5C2CC8630C00457A97 /* GG */;
		};
/* End PBXFileSystemSynchronizedBuildFileExceptionSet section */

/* Begin PBXFileSystemSynchronizedRootGroup section */
		76612B5F2CC8630C00457A97 /* GG */ = {
			isa = PBXFileSystemSynchronizedRootGroup;
			exceptions = (
				76877EF32CD2E5C1005EC4A1 /* Exceptions for "GG" folder in "GG" target */,
				76612B922CC8638B00457A97 /* Exceptions for "GG" folder in "GGTests" target */,
			);
			path = GG;
			sourceTree = "<group>";
		};
		76612B732CC8630D00457A97 /* GGTests */ = {
			isa = PBXFileSystemSynchronizedRootGroup;
			path = GGTests;
			sourceTree = "<group>";
		};
		76612B7D2CC8630D00457A97 /* GGUITests */ = {
			isa = PBXFileSystemSynchronizedRootGroup;
			path = GGUITests;
			sourceTree = "<group>";
		};
/* End PBXFileSystemSynchronizedRootGroup section */

/* Begin PBXFrameworksBuildPhase section */
		76612B5A2CC8630C00457A97 /* Frameworks */ = {
			isa = PBXFrameworksBuildPhase;
			buildActionMask = 2147483647;
			files = (
				7650CCC92CD5EA4900456901 /* GoogleSignInSwift in Frameworks */,
				7612F8412CD5F26C00107D33 /* FirebaseAnalyticsWithoutAdIdSupport in Frameworks */,
				7650CCC72CD5EA4900456901 /* GoogleSignIn in Frameworks */,
				7612F83D2CD5F26C00107D33 /* FirebaseAnalytics in Frameworks */,
				7612F8432CD5F26C00107D33 /* FirebaseAppCheck in Frameworks */,
				767715BA2CD89AE000511327 /* FirebaseFirestore in Frameworks */,
				767714A02CD5F90400511327 /* FirebaseAuth in Frameworks */,
				7612F83F2CD5F26C00107D33 /* FirebaseAnalyticsOnDeviceConversion in Frameworks */,
			);
			runOnlyForDeploymentPostprocessing = 0;
		};
		76612B6D2CC8630D00457A97 /* Frameworks */ = {
			isa = PBXFrameworksBuildPhase;
			buildActionMask = 2147483647;
			files = (
			);
			runOnlyForDeploymentPostprocessing = 0;
		};
		76612B772CC8630D00457A97 /* Frameworks */ = {
			isa = PBXFrameworksBuildPhase;
			buildActionMask = 2147483647;
			files = (
			);
			runOnlyForDeploymentPostprocessing = 0;
		};
/* End PBXFrameworksBuildPhase section */

/* Begin PBXGroup section */
		76612B542CC8630C00457A97 = {
			isa = PBXGroup;
			children = (
				76612B5F2CC8630C00457A97 /* GG */,
				76612B732CC8630D00457A97 /* GGTests */,
				76612B7D2CC8630D00457A97 /* GGUITests */,
				7677149E2CD5F90400511327 /* Frameworks */,
				76612B5E2CC8630C00457A97 /* Products */,
			);
			sourceTree = "<group>";
		};
		76612B5E2CC8630C00457A97 /* Products */ = {
			isa = PBXGroup;
			children = (
				76612B5D2CC8630C00457A97 /* GG.app */,
				76612B702CC8630D00457A97 /* GGTests.xctest */,
				76612B7A2CC8630D00457A97 /* GGUITests.xctest */,
			);
			name = Products;
			sourceTree = "<group>";
		};
		7677149E2CD5F90400511327 /* Frameworks */ = {
			isa = PBXGroup;
			children = (
			);
			name = Frameworks;
			sourceTree = "<group>";
		};
/* End PBXGroup section */

/* Begin PBXNativeTarget section */
		76612B5C2CC8630C00457A97 /* GG */ = {
			isa = PBXNativeTarget;
			buildConfigurationList = 76612B842CC8630D00457A97 /* Build configuration list for PBXNativeTarget "GG" */;
			buildPhases = (
				76612B592CC8630C00457A97 /* Sources */,
				76612B5A2CC8630C00457A97 /* Frameworks */,
				76612B5B2CC8630C00457A97 /* Resources */,
			);
			buildRules = (
			);
			dependencies = (
			);
			fileSystemSynchronizedGroups = (
				76612B5F2CC8630C00457A97 /* GG */,
			);
			name = GG;
			packageProductDependencies = (
				7650CCC62CD5EA4900456901 /* GoogleSignIn */,
				7650CCC82CD5EA4900456901 /* GoogleSignInSwift */,
				7612F83C2CD5F26C00107D33 /* FirebaseAnalytics */,
				7612F83E2CD5F26C00107D33 /* FirebaseAnalyticsOnDeviceConversion */,
				7612F8402CD5F26C00107D33 /* FirebaseAnalyticsWithoutAdIdSupport */,
				7612F8422CD5F26C00107D33 /* FirebaseAppCheck */,
				7677149F2CD5F90400511327 /* FirebaseAuth */,
				767715B92CD89AE000511327 /* FirebaseFirestore */,
			);
			productName = GG;
			productReference = 76612B5D2CC8630C00457A97 /* GG.app */;
			productType = "com.apple.product-type.application";
		};
		76612B6F2CC8630D00457A97 /* GGTests */ = {
			isa = PBXNativeTarget;
			buildConfigurationList = 76612B872CC8630D00457A97 /* Build configuration list for PBXNativeTarget "GGTests" */;
			buildPhases = (
				76612B6C2CC8630D00457A97 /* Sources */,
				76612B6D2CC8630D00457A97 /* Frameworks */,
				76612B6E2CC8630D00457A97 /* Resources */,
			);
			buildRules = (
			);
			dependencies = (
				76612B722CC8630D00457A97 /* PBXTargetDependency */,
			);
			fileSystemSynchronizedGroups = (
				76612B732CC8630D00457A97 /* GGTests */,
			);
			name = GGTests;
			packageProductDependencies = (
			);
			productName = GGTests;
			productReference = 76612B702CC8630D00457A97 /* GGTests.xctest */;
			productType = "com.apple.product-type.bundle.unit-test";
		};
		76612B792CC8630D00457A97 /* GGUITests */ = {
			isa = PBXNativeTarget;
			buildConfigurationList = 76612B8A2CC8630D00457A97 /* Build configuration list for PBXNativeTarget "GGUITests" */;
			buildPhases = (
				76612B762CC8630D00457A97 /* Sources */,
				76612B772CC8630D00457A97 /* Frameworks */,
				76612B782CC8630D00457A97 /* Resources */,
			);
			buildRules = (
			);
			dependencies = (
				76612B7C2CC8630D00457A97 /* PBXTargetDependency */,
			);
			fileSystemSynchronizedGroups = (
				76612B7D2CC8630D00457A97 /* GGUITests */,
			);
			name = GGUITests;
			packageProductDependencies = (
			);
			productName = GGUITests;
			productReference = 76612B7A2CC8630D00457A97 /* GGUITests.xctest */;
			productType = "com.apple.product-type.bundle.ui-testing";
		};
/* End PBXNativeTarget section */

/* Begin PBXProject section */
		76612B552CC8630C00457A97 /* Project object */ = {
			isa = PBXProject;
			attributes = {
				BuildIndependentTargetsInParallel = 1;
				LastSwiftUpdateCheck = 1600;
				LastUpgradeCheck = 1600;
				TargetAttributes = {
					76612B5C2CC8630C00457A97 = {
						CreatedOnToolsVersion = 16.0;
					};
					76612B6F2CC8630D00457A97 = {
						CreatedOnToolsVersion = 16.0;
						TestTargetID = 76612B5C2CC8630C00457A97;
					};
					76612B792CC8630D00457A97 = {
						CreatedOnToolsVersion = 16.0;
						TestTargetID = 76612B5C2CC8630C00457A97;
					};
				};
			};
			buildConfigurationList = 76612B582CC8630C00457A97 /* Build configuration list for PBXProject "GG" */;
			developmentRegion = en;
			hasScannedForEncodings = 0;
			knownRegions = (
				en,
				Base,
			);
			mainGroup = 76612B542CC8630C00457A97;
			minimizedProjectReferenceProxies = 1;
			packageReferences = (
				7650CCC52CD5EA4900456901 /* XCRemoteSwiftPackageReference "GoogleSignIn-iOS" */,
				7612F83B2CD5F26C00107D33 /* XCRemoteSwiftPackageReference "firebase-ios-sdk" */,
			);
			preferredProjectObjectVersion = 77;
			productRefGroup = 76612B5E2CC8630C00457A97 /* Products */;
			projectDirPath = "";
			projectRoot = "";
			targets = (
				76612B5C2CC8630C00457A97 /* GG */,
				76612B6F2CC8630D00457A97 /* GGTests */,
				76612B792CC8630D00457A97 /* GGUITests */,
			);
		};
/* End PBXProject section */

/* Begin PBXResourcesBuildPhase section */
		76612B5B2CC8630C00457A97 /* Resources */ = {
			isa = PBXResourcesBuildPhase;
			buildActionMask = 2147483647;
			files = (
			);
			runOnlyForDeploymentPostprocessing = 0;
		};
		76612B6E2CC8630D00457A97 /* Resources */ = {
			isa = PBXResourcesBuildPhase;
			buildActionMask = 2147483647;
			files = (
			);
			runOnlyForDeploymentPostprocessing = 0;
		};
		76612B782CC8630D00457A97 /* Resources */ = {
			isa = PBXResourcesBuildPhase;
			buildActionMask = 2147483647;
			files = (
			);
			runOnlyForDeploymentPostprocessing = 0;
		};
/* End PBXResourcesBuildPhase section */

/* Begin PBXSourcesBuildPhase section */
		76612B592CC8630C00457A97 /* Sources */ = {
			isa = PBXSourcesBuildPhase;
			buildActionMask = 2147483647;
			files = (
			);
			runOnlyForDeploymentPostprocessing = 0;
		};
		76612B6C2CC8630D00457A97 /* Sources */ = {
			isa = PBXSourcesBuildPhase;
			buildActionMask = 2147483647;
			files = (
			);
			runOnlyForDeploymentPostprocessing = 0;
		};
		76612B762CC8630D00457A97 /* Sources */ = {
			isa = PBXSourcesBuildPhase;
			buildActionMask = 2147483647;
			files = (
			);
			runOnlyForDeploymentPostprocessing = 0;
		};
/* End PBXSourcesBuildPhase section */

/* Begin PBXTargetDependency section */
		76612B722CC8630D00457A97 /* PBXTargetDependency */ = {
			isa = PBXTargetDependency;
			target = 76612B5C2CC8630C00457A97 /* GG */;
			targetProxy = 76612B712CC8630D00457A97 /* PBXContainerItemProxy */;
		};
		76612B7C2CC8630D00457A97 /* PBXTargetDependency */ = {
			isa = PBXTargetDependency;
			target = 76612B5C2CC8630C00457A97 /* GG */;
			targetProxy = 76612B7B2CC8630D00457A97 /* PBXContainerItemProxy */;
		};
/* End PBXTargetDependency section */

/* Begin XCBuildConfiguration section */
		76612B822CC8630D00457A97 /* Debug */ = {
			isa = XCBuildConfiguration;
			buildSettings = {
				ALWAYS_SEARCH_USER_PATHS = NO;
				ASSETCATALOG_COMPILER_GENERATE_SWIFT_ASSET_SYMBOL_EXTENSIONS = YES;
				CLANG_ANALYZER_NONNULL = YES;
				CLANG_ANALYZER_NUMBER_OBJECT_CONVERSION = YES_AGGRESSIVE;
				CLANG_CXX_LANGUAGE_STANDARD = "gnu++20";
				CLANG_ENABLE_MODULES = YES;
				CLANG_ENABLE_OBJC_ARC = YES;
				CLANG_ENABLE_OBJC_WEAK = YES;
				CLANG_WARN_BLOCK_CAPTURE_AUTORELEASING = YES;
				CLANG_WARN_BOOL_CONVERSION = YES;
				CLANG_WARN_COMMA = YES;
				CLANG_WARN_CONSTANT_CONVERSION = YES;
				CLANG_WARN_DEPRECATED_OBJC_IMPLEMENTATIONS = YES;
				CLANG_WARN_DIRECT_OBJC_ISA_USAGE = YES_ERROR;
				CLANG_WARN_DOCUMENTATION_COMMENTS = YES;
				CLANG_WARN_EMPTY_BODY = YES;
				CLANG_WARN_ENUM_CONVERSION = YES;
				CLANG_WARN_INFINITE_RECURSION = YES;
				CLANG_WARN_INT_CONVERSION = YES;
				CLANG_WARN_NON_LITERAL_NULL_CONVERSION = YES;
				CLANG_WARN_OBJC_IMPLICIT_RETAIN_SELF = YES;
				CLANG_WARN_OBJC_LITERAL_CONVERSION = YES;
				CLANG_WARN_OBJC_ROOT_CLASS = YES_ERROR;
				CLANG_WARN_QUOTED_INCLUDE_IN_FRAMEWORK_HEADER = YES;
				CLANG_WARN_RANGE_LOOP_ANALYSIS = YES;
				CLANG_WARN_STRICT_PROTOTYPES = YES;
				CLANG_WARN_SUSPICIOUS_MOVE = YES;
				CLANG_WARN_UNGUARDED_AVAILABILITY = YES_AGGRESSIVE;
				CLANG_WARN_UNREACHABLE_CODE = YES;
				CLANG_WARN__DUPLICATE_METHOD_MATCH = YES;
				COPY_PHASE_STRIP = NO;
				DEBUG_INFORMATION_FORMAT = dwarf;
				ENABLE_STRICT_OBJC_MSGSEND = YES;
				ENABLE_TESTABILITY = YES;
				ENABLE_USER_SCRIPT_SANDBOXING = YES;
				GCC_C_LANGUAGE_STANDARD = gnu17;
				GCC_DYNAMIC_NO_PIC = NO;
				GCC_NO_COMMON_BLOCKS = YES;
				GCC_OPTIMIZATION_LEVEL = 0;
				GCC_PREPROCESSOR_DEFINITIONS = (
					"DEBUG=1",
					"$(inherited)",
				);
				GCC_WARN_64_TO_32_BIT_CONVERSION = YES;
				GCC_WARN_ABOUT_RETURN_TYPE = YES_ERROR;
				GCC_WARN_UNDECLARED_SELECTOR = YES;
				GCC_WARN_UNINITIALIZED_AUTOS = YES_AGGRESSIVE;
				GCC_WARN_UNUSED_FUNCTION = YES;
				GCC_WARN_UNUSED_VARIABLE = YES;
				LOCALIZATION_PREFERS_STRING_CATALOGS = YES;
				MTL_ENABLE_DEBUG_INFO = INCLUDE_SOURCE;
				MTL_FAST_MATH = YES;
				ONLY_ACTIVE_ARCH = YES;
				SWIFT_ACTIVE_COMPILATION_CONDITIONS = "DEBUG $(inherited)";
				SWIFT_OPTIMIZATION_LEVEL = "-Onone";
			};
			name = Debug;
		};
		76612B832CC8630D00457A97 /* Release */ = {
			isa = XCBuildConfiguration;
			buildSettings = {
				ALWAYS_SEARCH_USER_PATHS = NO;
				ASSETCATALOG_COMPILER_GENERATE_SWIFT_ASSET_SYMBOL_EXTENSIONS = YES;
				CLANG_ANALYZER_NONNULL = YES;
				CLANG_ANALYZER_NUMBER_OBJECT_CONVERSION = YES_AGGRESSIVE;
				CLANG_CXX_LANGUAGE_STANDARD = "gnu++20";
				CLANG_ENABLE_MODULES = YES;
				CLANG_ENABLE_OBJC_ARC = YES;
				CLANG_ENABLE_OBJC_WEAK = YES;
				CLANG_WARN_BLOCK_CAPTURE_AUTORELEASING = YES;
				CLANG_WARN_BOOL_CONVERSION = YES;
				CLANG_WARN_COMMA = YES;
				CLANG_WARN_CONSTANT_CONVERSION = YES;
				CLANG_WARN_DEPRECATED_OBJC_IMPLEMENTATIONS = YES;
				CLANG_WARN_DIRECT_OBJC_ISA_USAGE = YES_ERROR;
				CLANG_WARN_DOCUMENTATION_COMMENTS = YES;
				CLANG_WARN_EMPTY_BODY = YES;
				CLANG_WARN_ENUM_CONVERSION = YES;
				CLANG_WARN_INFINITE_RECURSION = YES;
				CLANG_WARN_INT_CONVERSION = YES;
				CLANG_WARN_NON_LITERAL_NULL_CONVERSION = YES;
				CLANG_WARN_OBJC_IMPLICIT_RETAIN_SELF = YES;
				CLANG_WARN_OBJC_LITERAL_CONVERSION = YES;
				CLANG_WARN_OBJC_ROOT_CLASS = YES_ERROR;
				CLANG_WARN_QUOTED_INCLUDE_IN_FRAMEWORK_HEADER = YES;
				CLANG_WARN_RANGE_LOOP_ANALYSIS = YES;
				CLANG_WARN_STRICT_PROTOTYPES = YES;
				CLANG_WARN_SUSPICIOUS_MOVE = YES;
				CLANG_WARN_UNGUARDED_AVAILABILITY = YES_AGGRESSIVE;
				CLANG_WARN_UNREACHABLE_CODE = YES;
				CLANG_WARN__DUPLICATE_METHOD_MATCH = YES;
				COPY_PHASE_STRIP = NO;
				DEBUG_INFORMATION_FORMAT = "dwarf-with-dsym";
				ENABLE_NS_ASSERTIONS = NO;
				ENABLE_STRICT_OBJC_MSGSEND = YES;
				ENABLE_USER_SCRIPT_SANDBOXING = YES;
				GCC_C_LANGUAGE_STANDARD = gnu17;
				GCC_NO_COMMON_BLOCKS = YES;
				GCC_WARN_64_TO_32_BIT_CONVERSION = YES;
				GCC_WARN_ABOUT_RETURN_TYPE = YES_ERROR;
				GCC_WARN_UNDECLARED_SELECTOR = YES;
				GCC_WARN_UNINITIALIZED_AUTOS = YES_AGGRESSIVE;
				GCC_WARN_UNUSED_FUNCTION = YES;
				GCC_WARN_UNUSED_VARIABLE = YES;
				LOCALIZATION_PREFERS_STRING_CATALOGS = YES;
				MTL_ENABLE_DEBUG_INFO = NO;
				MTL_FAST_MATH = YES;
				SWIFT_COMPILATION_MODE = wholemodule;
			};
			name = Release;
		};
		76612B852CC8630D00457A97 /* Debug */ = {
			isa = XCBuildConfiguration;
			buildSettings = {
				ASSETCATALOG_COMPILER_APPICON_NAME = AppIcon;
				ASSETCATALOG_COMPILER_GLOBAL_ACCENT_COLOR_NAME = AccentColor;
				CODE_SIGN_ENTITLEMENTS = GG/GG.entitlements;
				CODE_SIGN_STYLE = Automatic;
				CURRENT_PROJECT_VERSION = 1;
				DEVELOPMENT_ASSET_PATHS = "\"GG/Preview Content\"";
				DEVELOPMENT_TEAM = "";
				ENABLE_HARDENED_RUNTIME = YES;
				ENABLE_PREVIEWS = YES;
				GENERATE_INFOPLIST_FILE = YES;
				INFOPLIST_FILE = GG/Info.plist;
				"INFOPLIST_KEY_UIApplicationSceneManifest_Generation[sdk=iphoneos*]" = YES;
				"INFOPLIST_KEY_UIApplicationSceneManifest_Generation[sdk=iphonesimulator*]" = YES;
				"INFOPLIST_KEY_UIApplicationSupportsIndirectInputEvents[sdk=iphoneos*]" = YES;
				"INFOPLIST_KEY_UIApplicationSupportsIndirectInputEvents[sdk=iphonesimulator*]" = YES;
				"INFOPLIST_KEY_UILaunchScreen_Generation[sdk=iphoneos*]" = YES;
				"INFOPLIST_KEY_UILaunchScreen_Generation[sdk=iphonesimulator*]" = YES;
				"INFOPLIST_KEY_UIStatusBarStyle[sdk=iphoneos*]" = UIStatusBarStyleDefault;
				"INFOPLIST_KEY_UIStatusBarStyle[sdk=iphonesimulator*]" = UIStatusBarStyleDefault;
				INFOPLIST_KEY_UISupportedInterfaceOrientations_iPad = "UIInterfaceOrientationPortrait UIInterfaceOrientationPortraitUpsideDown UIInterfaceOrientationLandscapeLeft UIInterfaceOrientationLandscapeRight";
				INFOPLIST_KEY_UISupportedInterfaceOrientations_iPhone = "UIInterfaceOrientationPortrait UIInterfaceOrientationLandscapeLeft UIInterfaceOrientationLandscapeRight";
				IPHONEOS_DEPLOYMENT_TARGET = 18.0;
				LD_RUNPATH_SEARCH_PATHS = "@executable_path/Frameworks";
				"LD_RUNPATH_SEARCH_PATHS[sdk=macosx*]" = "@executable_path/../Frameworks";
				MACOSX_DEPLOYMENT_TARGET = 14.0;
				MARKETING_VERSION = 1.0;
				PRODUCT_BUNDLE_IDENTIFIER = com.vitoroyeca.salpakan;
				PRODUCT_NAME = "$(TARGET_NAME)";
				SDKROOT = auto;
				SUPPORTED_PLATFORMS = "iphoneos iphonesimulator macosx xros xrsimulator";
				SWIFT_EMIT_LOC_STRINGS = YES;
				SWIFT_VERSION = 5.0;
				TARGETED_DEVICE_FAMILY = "1,2,7";
				XROS_DEPLOYMENT_TARGET = 2.0;
			};
			name = Debug;
		};
		76612B862CC8630D00457A97 /* Release */ = {
			isa = XCBuildConfiguration;
			buildSettings = {
				ASSETCATALOG_COMPILER_APPICON_NAME = AppIcon;
				ASSETCATALOG_COMPILER_GLOBAL_ACCENT_COLOR_NAME = AccentColor;
				CODE_SIGN_ENTITLEMENTS = GG/GG.entitlements;
				CODE_SIGN_STYLE = Automatic;
				CURRENT_PROJECT_VERSION = 1;
				DEVELOPMENT_ASSET_PATHS = "\"GG/Preview Content\"";
				DEVELOPMENT_TEAM = "";
				ENABLE_HARDENED_RUNTIME = YES;
				ENABLE_PREVIEWS = YES;
				GENERATE_INFOPLIST_FILE = YES;
				INFOPLIST_FILE = GG/Info.plist;
				"INFOPLIST_KEY_UIApplicationSceneManifest_Generation[sdk=iphoneos*]" = YES;
				"INFOPLIST_KEY_UIApplicationSceneManifest_Generation[sdk=iphonesimulator*]" = YES;
				"INFOPLIST_KEY_UIApplicationSupportsIndirectInputEvents[sdk=iphoneos*]" = YES;
				"INFOPLIST_KEY_UIApplicationSupportsIndirectInputEvents[sdk=iphonesimulator*]" = YES;
				"INFOPLIST_KEY_UILaunchScreen_Generation[sdk=iphoneos*]" = YES;
				"INFOPLIST_KEY_UILaunchScreen_Generation[sdk=iphonesimulator*]" = YES;
				"INFOPLIST_KEY_UIStatusBarStyle[sdk=iphoneos*]" = UIStatusBarStyleDefault;
				"INFOPLIST_KEY_UIStatusBarStyle[sdk=iphonesimulator*]" = UIStatusBarStyleDefault;
				INFOPLIST_KEY_UISupportedInterfaceOrientations_iPad = "UIInterfaceOrientationPortrait UIInterfaceOrientationPortraitUpsideDown UIInterfaceOrientationLandscapeLeft UIInterfaceOrientationLandscapeRight";
				INFOPLIST_KEY_UISupportedInterfaceOrientations_iPhone = "UIInterfaceOrientationPortrait UIInterfaceOrientationLandscapeLeft UIInterfaceOrientationLandscapeRight";
				IPHONEOS_DEPLOYMENT_TARGET = 18.0;
				LD_RUNPATH_SEARCH_PATHS = "@executable_path/Frameworks";
				"LD_RUNPATH_SEARCH_PATHS[sdk=macosx*]" = "@executable_path/../Frameworks";
				MACOSX_DEPLOYMENT_TARGET = 14.0;
				MARKETING_VERSION = 1.0;
				PRODUCT_BUNDLE_IDENTIFIER = com.vitoroyeca.salpakan;
				PRODUCT_NAME = "$(TARGET_NAME)";
				SDKROOT = auto;
				SUPPORTED_PLATFORMS = "iphoneos iphonesimulator macosx xros xrsimulator";
				SWIFT_EMIT_LOC_STRINGS = YES;
				SWIFT_VERSION = 5.0;
				TARGETED_DEVICE_FAMILY = "1,2,7";
				XROS_DEPLOYMENT_TARGET = 2.0;
			};
			name = Release;
		};
		76612B882CC8630D00457A97 /* Debug */ = {
			isa = XCBuildConfiguration;
			buildSettings = {
				BUNDLE_LOADER = "$(TEST_HOST)";
				CODE_SIGN_STYLE = Automatic;
				CURRENT_PROJECT_VERSION = 1;
				DEVELOPMENT_TEAM = 43CD66539H;
				GENERATE_INFOPLIST_FILE = YES;
				IPHONEOS_DEPLOYMENT_TARGET = 18.0;
				MACOSX_DEPLOYMENT_TARGET = 15.0;
				MARKETING_VERSION = 1.0;
				PRODUCT_BUNDLE_IDENTIFIER = com.vitoroyeca.GGTests;
				PRODUCT_NAME = "$(TARGET_NAME)";
				SDKROOT = auto;
				SUPPORTED_PLATFORMS = "iphoneos iphonesimulator macosx xros xrsimulator";
				SWIFT_EMIT_LOC_STRINGS = NO;
				SWIFT_VERSION = 5.0;
				TARGETED_DEVICE_FAMILY = "1,2,7";
				TEST_HOST = "$(BUILT_PRODUCTS_DIR)/GG.app/$(BUNDLE_EXECUTABLE_FOLDER_PATH)/GG";
				XROS_DEPLOYMENT_TARGET = 2.0;
			};
			name = Debug;
		};
		76612B892CC8630D00457A97 /* Release */ = {
			isa = XCBuildConfiguration;
			buildSettings = {
				BUNDLE_LOADER = "$(TEST_HOST)";
				CODE_SIGN_STYLE = Automatic;
				CURRENT_PROJECT_VERSION = 1;
				DEVELOPMENT_TEAM = 43CD66539H;
				GENERATE_INFOPLIST_FILE = YES;
				IPHONEOS_DEPLOYMENT_TARGET = 18.0;
				MACOSX_DEPLOYMENT_TARGET = 15.0;
				MARKETING_VERSION = 1.0;
				PRODUCT_BUNDLE_IDENTIFIER = com.vitoroyeca.GGTests;
				PRODUCT_NAME = "$(TARGET_NAME)";
				SDKROOT = auto;
				SUPPORTED_PLATFORMS = "iphoneos iphonesimulator macosx xros xrsimulator";
				SWIFT_EMIT_LOC_STRINGS = NO;
				SWIFT_VERSION = 5.0;
				TARGETED_DEVICE_FAMILY = "1,2,7";
				TEST_HOST = "$(BUILT_PRODUCTS_DIR)/GG.app/$(BUNDLE_EXECUTABLE_FOLDER_PATH)/GG";
				XROS_DEPLOYMENT_TARGET = 2.0;
			};
			name = Release;
		};
		76612B8B2CC8630D00457A97 /* Debug */ = {
			isa = XCBuildConfiguration;
			buildSettings = {
				CODE_SIGN_STYLE = Automatic;
				CURRENT_PROJECT_VERSION = 1;
				DEVELOPMENT_TEAM = 43CD66539H;
				GENERATE_INFOPLIST_FILE = YES;
				IPHONEOS_DEPLOYMENT_TARGET = 18.0;
				MACOSX_DEPLOYMENT_TARGET = 15.0;
				MARKETING_VERSION = 1.0;
				PRODUCT_BUNDLE_IDENTIFIER = com.vitoroyeca.GGUITests;
				PRODUCT_NAME = "$(TARGET_NAME)";
				SDKROOT = auto;
				SUPPORTED_PLATFORMS = "iphoneos iphonesimulator macosx xros xrsimulator";
				SWIFT_EMIT_LOC_STRINGS = NO;
				SWIFT_VERSION = 5.0;
				TARGETED_DEVICE_FAMILY = "1,2,7";
				TEST_TARGET_NAME = GG;
				XROS_DEPLOYMENT_TARGET = 2.0;
			};
			name = Debug;
		};
		76612B8C2CC8630D00457A97 /* Release */ = {
			isa = XCBuildConfiguration;
			buildSettings = {
				CODE_SIGN_STYLE = Automatic;
				CURRENT_PROJECT_VERSION = 1;
				DEVELOPMENT_TEAM = 43CD66539H;
				GENERATE_INFOPLIST_FILE = YES;
				IPHONEOS_DEPLOYMENT_TARGET = 18.0;
				MACOSX_DEPLOYMENT_TARGET = 15.0;
				MARKETING_VERSION = 1.0;
				PRODUCT_BUNDLE_IDENTIFIER = com.vitoroyeca.GGUITests;
				PRODUCT_NAME = "$(TARGET_NAME)";
				SDKROOT = auto;
				SUPPORTED_PLATFORMS = "iphoneos iphonesimulator macosx xros xrsimulator";
				SWIFT_EMIT_LOC_STRINGS = NO;
				SWIFT_VERSION = 5.0;
				TARGETED_DEVICE_FAMILY = "1,2,7";
				TEST_TARGET_NAME = GG;
				XROS_DEPLOYMENT_TARGET = 2.0;
			};
			name = Release;
		};
/* End XCBuildConfiguration section */

/* Begin XCConfigurationList section */
		76612B582CC8630C00457A97 /* Build configuration list for PBXProject "GG" */ = {
			isa = XCConfigurationList;
			buildConfigurations = (
				76612B822CC8630D00457A97 /* Debug */,
				76612B832CC8630D00457A97 /* Release */,
			);
			defaultConfigurationIsVisible = 0;
			defaultConfigurationName = Release;
		};
		76612B842CC8630D00457A97 /* Build configuration list for PBXNativeTarget "GG" */ = {
			isa = XCConfigurationList;
			buildConfigurations = (
				76612B852CC8630D00457A97 /* Debug */,
				76612B862CC8630D00457A97 /* Release */,
			);
			defaultConfigurationIsVisible = 0;
			defaultConfigurationName = Release;
		};
		76612B872CC8630D00457A97 /* Build configuration list for PBXNativeTarget "GGTests" */ = {
			isa = XCConfigurationList;
			buildConfigurations = (
				76612B882CC8630D00457A97 /* Debug */,
				76612B892CC8630D00457A97 /* Release */,
			);
			defaultConfigurationIsVisible = 0;
			defaultConfigurationName = Release;
		};
		76612B8A2CC8630D00457A97 /* Build configuration list for PBXNativeTarget "GGUITests" */ = {
			isa = XCConfigurationList;
			buildConfigurations = (
				76612B8B2CC8630D00457A97 /* Debug */,
				76612B8C2CC8630D00457A97 /* Release */,
			);
			defaultConfigurationIsVisible = 0;
			defaultConfigurationName = Release;
		};
/* End XCConfigurationList section */

/* Begin XCRemoteSwiftPackageReference section */
		7612F83B2CD5F26C00107D33 /* XCRemoteSwiftPackageReference "firebase-ios-sdk" */ = {
			isa = XCRemoteSwiftPackageReference;
			repositoryURL = "https://github.com/firebase/firebase-ios-sdk";
			requirement = {
				kind = upToNextMajorVersion;
				minimumVersion = 11.4.0;
			};
		};
		7650CCC52CD5EA4900456901 /* XCRemoteSwiftPackageReference "GoogleSignIn-iOS" */ = {
			isa = XCRemoteSwiftPackageReference;
			repositoryURL = "https://github.com/google/GoogleSignIn-iOS";
			requirement = {
				kind = upToNextMajorVersion;
				minimumVersion = 8.0.0;
			};
		};
/* End XCRemoteSwiftPackageReference section */

/* Begin XCSwiftPackageProductDependency section */
		7612F83C2CD5F26C00107D33 /* FirebaseAnalytics */ = {
			isa = XCSwiftPackageProductDependency;
			package = 7612F83B2CD5F26C00107D33 /* XCRemoteSwiftPackageReference "firebase-ios-sdk" */;
			productName = FirebaseAnalytics;
		};
		7612F83E2CD5F26C00107D33 /* FirebaseAnalyticsOnDeviceConversion */ = {
			isa = XCSwiftPackageProductDependency;
			package = 7612F83B2CD5F26C00107D33 /* XCRemoteSwiftPackageReference "firebase-ios-sdk" */;
			productName = FirebaseAnalyticsOnDeviceConversion;
		};
		7612F8402CD5F26C00107D33 /* FirebaseAnalyticsWithoutAdIdSupport */ = {
			isa = XCSwiftPackageProductDependency;
			package = 7612F83B2CD5F26C00107D33 /* XCRemoteSwiftPackageReference "firebase-ios-sdk" */;
			productName = FirebaseAnalyticsWithoutAdIdSupport;
		};
		7612F8422CD5F26C00107D33 /* FirebaseAppCheck */ = {
			isa = XCSwiftPackageProductDependency;
			package = 7612F83B2CD5F26C00107D33 /* XCRemoteSwiftPackageReference "firebase-ios-sdk" */;
			productName = FirebaseAppCheck;
		};
		7650CCC62CD5EA4900456901 /* GoogleSignIn */ = {
			isa = XCSwiftPackageProductDependency;
			package = 7650CCC52CD5EA4900456901 /* XCRemoteSwiftPackageReference "GoogleSignIn-iOS" */;
			productName = GoogleSignIn;
		};
		7650CCC82CD5EA4900456901 /* GoogleSignInSwift */ = {
			isa = XCSwiftPackageProductDependency;
			package = 7650CCC52CD5EA4900456901 /* XCRemoteSwiftPackageReference "GoogleSignIn-iOS" */;
			productName = GoogleSignInSwift;
		};
		7677149F2CD5F90400511327 /* FirebaseAuth */ = {
			isa = XCSwiftPackageProductDependency;
			package = 7612F83B2CD5F26C00107D33 /* XCRemoteSwiftPackageReference "firebase-ios-sdk" */;
			productName = FirebaseAuth;
		};
		767715B92CD89AE000511327 /* FirebaseFirestore */ = {
			isa = XCSwiftPackageProductDependency;
			package = 7612F83B2CD5F26C00107D33 /* XCRemoteSwiftPackageReference "firebase-ios-sdk" */;
			productName = FirebaseFirestore;
		};
/* End XCSwiftPackageProductDependency section */
	};
	rootObject = 76612B552CC8630C00457A97 /* Project object */;
}
